// !$*UTF8*$!
{
	archiveVersion = 1;
	classes = {
	};
	objectVersion = 46;
	objects = {

/* Begin PBXBuildFile section */
		B613F4251F0D7B8200B6B6F6 /* LiquidDetergent.swift in Sources */ = {isa = PBXBuildFile; fileRef = B613F4241F0D7B8200B6B6F6 /* LiquidDetergent.swift */; };
		B613F4271F0D7CF200B6B6F6 /* PowderDetergent.swift in Sources */ = {isa = PBXBuildFile; fileRef = B613F4261F0D7CF200B6B6F6 /* PowderDetergent.swift */; };
		B64609881F0C1F8E0021B1E0 /* PodDetergent.swift in Sources */ = {isa = PBXBuildFile; fileRef = B64609871F0C1F8E0021B1E0 /* PodDetergent.swift */; };
		B6490FBB1F09D4810081E9EC /* AppDelegate.swift in Sources */ = {isa = PBXBuildFile; fileRef = B6490FBA1F09D4810081E9EC /* AppDelegate.swift */; };
		B6490FBD1F09D4810081E9EC /* ViewController.swift in Sources */ = {isa = PBXBuildFile; fileRef = B6490FBC1F09D4810081E9EC /* ViewController.swift */; };
		B6490FC01F09D4810081E9EC /* Main.storyboard in Resources */ = {isa = PBXBuildFile; fileRef = B6490FBE1F09D4810081E9EC /* Main.storyboard */; };
		B6490FC21F09D4810081E9EC /* Assets.xcassets in Resources */ = {isa = PBXBuildFile; fileRef = B6490FC11F09D4810081E9EC /* Assets.xcassets */; };
		B6490FC51F09D4810081E9EC /* LaunchScreen.storyboard in Resources */ = {isa = PBXBuildFile; fileRef = B6490FC31F09D4810081E9EC /* LaunchScreen.storyboard */; };
		B6490FD01F09D4810081E9EC /* Detergo_Dev_App_Tests.swift in Sources */ = {isa = PBXBuildFile; fileRef = B6490FCF1F09D4810081E9EC /* Detergo_Dev_App_Tests.swift */; };
		B6490FDB1F09D4810081E9EC /* Detergo_Dev_App_UITests.swift in Sources */ = {isa = PBXBuildFile; fileRef = B6490FDA1F09D4810081E9EC /* Detergo_Dev_App_UITests.swift */; };
		B67B1DFB1F0B02000038E949 /* enumerations.swift in Sources */ = {isa = PBXBuildFile; fileRef = B67B1DFA1F0B02000038E949 /* enumerations.swift */; };
		B67B1DFD1F0B06020038E949 /* Detergent.swift in Sources */ = {isa = PBXBuildFile; fileRef = B67B1DFC1F0B06020038E949 /* Detergent.swift */; };
/* End PBXBuildFile section */

/* Begin PBXContainerItemProxy section */
		B6490FCC1F09D4810081E9EC /* PBXContainerItemProxy */ = {
			isa = PBXContainerItemProxy;
			containerPortal = B6490FAF1F09D4810081E9EC /* Project object */;
			proxyType = 1;
			remoteGlobalIDString = B6490FB61F09D4810081E9EC;
			remoteInfo = "Detergo(Dev App)";
		};
		B6490FD71F09D4810081E9EC /* PBXContainerItemProxy */ = {
			isa = PBXContainerItemProxy;
			containerPortal = B6490FAF1F09D4810081E9EC /* Project object */;
			proxyType = 1;
			remoteGlobalIDString = B6490FB61F09D4810081E9EC;
			remoteInfo = "Detergo(Dev App)";
		};
/* End PBXContainerItemProxy section */

/* Begin PBXFileReference section */
		B613F4241F0D7B8200B6B6F6 /* LiquidDetergent.swift */ = {isa = PBXFileReference; fileEncoding = 4; lastKnownFileType = sourcecode.swift; name = LiquidDetergent.swift; path = dataModels/LiquidDetergent.swift; sourceTree = "<group>"; };
		B613F4261F0D7CF200B6B6F6 /* PowderDetergent.swift */ = {isa = PBXFileReference; fileEncoding = 4; lastKnownFileType = sourcecode.swift; name = PowderDetergent.swift; path = dataModels/PowderDetergent.swift; sourceTree = "<group>"; };
		B64609871F0C1F8E0021B1E0 /* PodDetergent.swift */ = {isa = PBXFileReference; fileEncoding = 4; lastKnownFileType = sourcecode.swift; name = PodDetergent.swift; path = dataModels/PodDetergent.swift; sourceTree = "<group>"; };
		B6490FB71F09D4810081E9EC /* Detergo(Dev App).app */ = {isa = PBXFileReference; explicitFileType = wrapper.application; includeInIndex = 0; path = "Detergo(Dev App).app"; sourceTree = BUILT_PRODUCTS_DIR; };
		B6490FBA1F09D4810081E9EC /* AppDelegate.swift */ = {isa = PBXFileReference; lastKnownFileType = sourcecode.swift; path = AppDelegate.swift; sourceTree = "<group>"; };
		B6490FBC1F09D4810081E9EC /* ViewController.swift */ = {isa = PBXFileReference; lastKnownFileType = sourcecode.swift; path = ViewController.swift; sourceTree = "<group>"; };
		B6490FBF1F09D4810081E9EC /* Base */ = {isa = PBXFileReference; lastKnownFileType = file.storyboard; name = Base; path = Base.lproj/Main.storyboard; sourceTree = "<group>"; };
		B6490FC11F09D4810081E9EC /* Assets.xcassets */ = {isa = PBXFileReference; lastKnownFileType = folder.assetcatalog; path = Assets.xcassets; sourceTree = "<group>"; };
		B6490FC41F09D4810081E9EC /* Base */ = {isa = PBXFileReference; lastKnownFileType = file.storyboard; name = Base; path = Base.lproj/LaunchScreen.storyboard; sourceTree = "<group>"; };
		B6490FC61F09D4810081E9EC /* Info.plist */ = {isa = PBXFileReference; lastKnownFileType = text.plist.xml; path = Info.plist; sourceTree = "<group>"; };
		B6490FCB1F09D4810081E9EC /* Detergo(Dev App)Tests.xctest */ = {isa = PBXFileReference; explicitFileType = wrapper.cfbundle; includeInIndex = 0; path = "Detergo(Dev App)Tests.xctest"; sourceTree = BUILT_PRODUCTS_DIR; };
		B6490FCF1F09D4810081E9EC /* Detergo_Dev_App_Tests.swift */ = {isa = PBXFileReference; lastKnownFileType = sourcecode.swift; path = Detergo_Dev_App_Tests.swift; sourceTree = "<group>"; };
		B6490FD11F09D4810081E9EC /* Info.plist */ = {isa = PBXFileReference; lastKnownFileType = text.plist.xml; path = Info.plist; sourceTree = "<group>"; };
		B6490FD61F09D4810081E9EC /* Detergo(Dev App)UITests.xctest */ = {isa = PBXFileReference; explicitFileType = wrapper.cfbundle; includeInIndex = 0; path = "Detergo(Dev App)UITests.xctest"; sourceTree = BUILT_PRODUCTS_DIR; };
		B6490FDA1F09D4810081E9EC /* Detergo_Dev_App_UITests.swift */ = {isa = PBXFileReference; lastKnownFileType = sourcecode.swift; path = Detergo_Dev_App_UITests.swift; sourceTree = "<group>"; };
		B6490FDC1F09D4810081E9EC /* Info.plist */ = {isa = PBXFileReference; lastKnownFileType = text.plist.xml; path = Info.plist; sourceTree = "<group>"; };
		B67B1DFA1F0B02000038E949 /* enumerations.swift */ = {isa = PBXFileReference; fileEncoding = 4; lastKnownFileType = sourcecode.swift; name = enumerations.swift; path = dataModels/enumerations.swift; sourceTree = "<group>"; };
		B67B1DFC1F0B06020038E949 /* Detergent.swift */ = {isa = PBXFileReference; fileEncoding = 4; lastKnownFileType = sourcecode.swift; name = Detergent.swift; path = dataModels/Detergent.swift; sourceTree = "<group>"; };
/* End PBXFileReference section */

/* Begin PBXFrameworksBuildPhase section */
		B6490FB41F09D4810081E9EC /* Frameworks */ = {
			isa = PBXFrameworksBuildPhase;
			buildActionMask = 2147483647;
			files = (
			);
			runOnlyForDeploymentPostprocessing = 0;
		};
		B6490FC81F09D4810081E9EC /* Frameworks */ = {
			isa = PBXFrameworksBuildPhase;
			buildActionMask = 2147483647;
			files = (
			);
			runOnlyForDeploymentPostprocessing = 0;
		};
		B6490FD31F09D4810081E9EC /* Frameworks */ = {
			isa = PBXFrameworksBuildPhase;
			buildActionMask = 2147483647;
			files = (
			);
			runOnlyForDeploymentPostprocessing = 0;
		};
/* End PBXFrameworksBuildPhase section */

/* Begin PBXGroup section */
		B6490FAE1F09D4810081E9EC = {
			isa = PBXGroup;
			children = (
				B6490FB91F09D4810081E9EC /* Detergo(Dev App) */,
				B6490FCE1F09D4810081E9EC /* Detergo(Dev App)Tests */,
				B6490FD91F09D4810081E9EC /* Detergo(Dev App)UITests */,
				B6490FB81F09D4810081E9EC /* Products */,
			);
			sourceTree = "<group>";
		};
		B6490FB81F09D4810081E9EC /* Products */ = {
			isa = PBXGroup;
			children = (
				B6490FB71F09D4810081E9EC /* Detergo(Dev App).app */,
				B6490FCB1F09D4810081E9EC /* Detergo(Dev App)Tests.xctest */,
				B6490FD61F09D4810081E9EC /* Detergo(Dev App)UITests.xctest */,
			);
			name = Products;
			sourceTree = "<group>";
		};
		B6490FB91F09D4810081E9EC /* Detergo(Dev App) */ = {
			isa = PBXGroup;
			children = (
				B6490FBA1F09D4810081E9EC /* AppDelegate.swift */,
				B6490FBC1F09D4810081E9EC /* ViewController.swift */,
				B64609871F0C1F8E0021B1E0 /* PodDetergent.swift */,
				B613F4261F0D7CF200B6B6F6 /* PowderDetergent.swift */,
				B6490FBE1F09D4810081E9EC /* Main.storyboard */,
				B67B1DFA1F0B02000038E949 /* enumerations.swift */,
				B67B1DFC1F0B06020038E949 /* Detergent.swift */,
				B613F4241F0D7B8200B6B6F6 /* LiquidDetergent.swift */,
				B6490FC11F09D4810081E9EC /* Assets.xcassets */,
				B6490FC31F09D4810081E9EC /* LaunchScreen.storyboard */,
				B6490FC61F09D4810081E9EC /* Info.plist */,
			);
			path = "Detergo(Dev App)";
			sourceTree = "<group>";
		};
		B6490FCE1F09D4810081E9EC /* Detergo(Dev App)Tests */ = {
			isa = PBXGroup;
			children = (
				B6490FCF1F09D4810081E9EC /* Detergo_Dev_App_Tests.swift */,
				B6490FD11F09D4810081E9EC /* Info.plist */,
			);
			path = "Detergo(Dev App)Tests";
			sourceTree = "<group>";
		};
		B6490FD91F09D4810081E9EC /* Detergo(Dev App)UITests */ = {
			isa = PBXGroup;
			children = (
				B6490FDA1F09D4810081E9EC /* Detergo_Dev_App_UITests.swift */,
				B6490FDC1F09D4810081E9EC /* Info.plist */,
			);
			path = "Detergo(Dev App)UITests";
			sourceTree = "<group>";
		};
/* End PBXGroup section */

/* Begin PBXNativeTarget section */
		B6490FB61F09D4810081E9EC /* Detergo(Dev App) */ = {
			isa = PBXNativeTarget;
			buildConfigurationList = B6490FDF1F09D4810081E9EC /* Build configuration list for PBXNativeTarget "Detergo(Dev App)" */;
			buildPhases = (
				B6490FB31F09D4810081E9EC /* Sources */,
				B6490FB41F09D4810081E9EC /* Frameworks */,
				B6490FB51F09D4810081E9EC /* Resources */,
			);
			buildRules = (
			);
			dependencies = (
			);
			name = "Detergo(Dev App)";
			productName = "Detergo(Dev App)";
			productReference = B6490FB71F09D4810081E9EC /* Detergo(Dev App).app */;
			productType = "com.apple.product-type.application";
		};
		B6490FCA1F09D4810081E9EC /* Detergo(Dev App)Tests */ = {
			isa = PBXNativeTarget;
			buildConfigurationList = B6490FE21F09D4810081E9EC /* Build configuration list for PBXNativeTarget "Detergo(Dev App)Tests" */;
			buildPhases = (
				B6490FC71F09D4810081E9EC /* Sources */,
				B6490FC81F09D4810081E9EC /* Frameworks */,
				B6490FC91F09D4810081E9EC /* Resources */,
			);
			buildRules = (
			);
			dependencies = (
				B6490FCD1F09D4810081E9EC /* PBXTargetDependency */,
			);
			name = "Detergo(Dev App)Tests";
			productName = "Detergo(Dev App)Tests";
			productReference = B6490FCB1F09D4810081E9EC /* Detergo(Dev App)Tests.xctest */;
			productType = "com.apple.product-type.bundle.unit-test";
		};
		B6490FD51F09D4810081E9EC /* Detergo(Dev App)UITests */ = {
			isa = PBXNativeTarget;
			buildConfigurationList = B6490FE51F09D4810081E9EC /* Build configuration list for PBXNativeTarget "Detergo(Dev App)UITests" */;
			buildPhases = (
				B6490FD21F09D4810081E9EC /* Sources */,
				B6490FD31F09D4810081E9EC /* Frameworks */,
				B6490FD41F09D4810081E9EC /* Resources */,
			);
			buildRules = (
			);
			dependencies = (
				B6490FD81F09D4810081E9EC /* PBXTargetDependency */,
			);
			name = "Detergo(Dev App)UITests";
			productName = "Detergo(Dev App)UITests";
			productReference = B6490FD61F09D4810081E9EC /* Detergo(Dev App)UITests.xctest */;
			productType = "com.apple.product-type.bundle.ui-testing";
		};
/* End PBXNativeTarget section */

/* Begin PBXProject section */
		B6490FAF1F09D4810081E9EC /* Project object */ = {
			isa = PBXProject;
			attributes = {
				LastSwiftUpdateCheck = 0730;
				LastUpgradeCheck = 0730;
				ORGANIZATIONNAME = gdesrosi;
				TargetAttributes = {
					B6490FB61F09D4810081E9EC = {
						CreatedOnToolsVersion = 7.3.1;
					};
					B6490FCA1F09D4810081E9EC = {
						CreatedOnToolsVersion = 7.3.1;
						TestTargetID = B6490FB61F09D4810081E9EC;
					};
					B6490FD51F09D4810081E9EC = {
						CreatedOnToolsVersion = 7.3.1;
						TestTargetID = B6490FB61F09D4810081E9EC;
					};
				};
			};
			buildConfigurationList = B6490FB21F09D4810081E9EC /* Build configuration list for PBXProject "Detergo(Dev App)" */;
			compatibilityVersion = "Xcode 3.2";
			developmentRegion = English;
			hasScannedForEncodings = 0;
			knownRegions = (
				en,
				Base,
			);
			mainGroup = B6490FAE1F09D4810081E9EC;
			productRefGroup = B6490FB81F09D4810081E9EC /* Products */;
			projectDirPath = "";
			projectRoot = "";
			targets = (
				B6490FB61F09D4810081E9EC /* Detergo(Dev App) */,
				B6490FCA1F09D4810081E9EC /* Detergo(Dev App)Tests */,
				B6490FD51F09D4810081E9EC /* Detergo(Dev App)UITests */,
			);
		};
/* End PBXProject section */

/* Begin PBXResourcesBuildPhase section */
		B6490FB51F09D4810081E9EC /* Resources */ = {
			isa = PBXResourcesBuildPhase;
			buildActionMask = 2147483647;
			files = (
				B6490FC51F09D4810081E9EC /* LaunchScreen.storyboard in Resources */,
				B6490FC21F09D4810081E9EC /* Assets.xcassets in Resources */,
				B6490FC01F09D4810081E9EC /* Main.storyboard in Resources */,
			);
			runOnlyForDeploymentPostprocessing = 0;
		};
		B6490FC91F09D4810081E9EC /* Resources */ = {
			isa = PBXResourcesBuildPhase;
			buildActionMask = 2147483647;
			files = (
			);
			runOnlyForDeploymentPostprocessing = 0;
		};
		B6490FD41F09D4810081E9EC /* Resources */ = {
			isa = PBXResourcesBuildPhase;
			buildActionMask = 2147483647;
			files = (
			);
			runOnlyForDeploymentPostprocessing = 0;
		};
/* End PBXResourcesBuildPhase section */

/* Begin PBXSourcesBuildPhase section */
		B6490FB31F09D4810081E9EC /* Sources */ = {
			isa = PBXSourcesBuildPhase;
			buildActionMask = 2147483647;
			files = (
				B613F4251F0D7B8200B6B6F6 /* LiquidDetergent.swift in Sources */,
				B67B1DFD1F0B06020038E949 /* Detergent.swift in Sources */,
				B64609881F0C1F8E0021B1E0 /* PodDetergent.swift in Sources */,
				B6490FBD1F09D4810081E9EC /* ViewController.swift in Sources */,
				B6490FBB1F09D4810081E9EC /* AppDelegate.swift in Sources */,
				B613F4271F0D7CF200B6B6F6 /* PowderDetergent.swift in Sources */,
				B67B1DFB1F0B02000038E949 /* enumerations.swift in Sources */,
			);
			runOnlyForDeploymentPostprocessing = 0;
		};
		B6490FC71F09D4810081E9EC /* Sources */ = {
			isa = PBXSourcesBuildPhase;
			buildActionMask = 2147483647;
			files = (
				B6490FD01F09D4810081E9EC /* Detergo_Dev_App_Tests.swift in Sources */,
			);
			runOnlyForDeploymentPostprocessing = 0;
		};
		B6490FD21F09D4810081E9EC /* Sources */ = {
			isa = PBXSourcesBuildPhase;
			buildActionMask = 2147483647;
			files = (
				B6490FDB1F09D4810081E9EC /* Detergo_Dev_App_UITests.swift in Sources */,
			);
			runOnlyForDeploymentPostprocessing = 0;
		};
/* End PBXSourcesBuildPhase section */

/* Begin PBXTargetDependency section */
		B6490FCD1F09D4810081E9EC /* PBXTargetDependency */ = {
			isa = PBXTargetDependency;
			target = B6490FB61F09D4810081E9EC /* Detergo(Dev App) */;
			targetProxy = B6490FCC1F09D4810081E9EC /* PBXContainerItemProxy */;
		};
		B6490FD81F09D4810081E9EC /* PBXTargetDependency */ = {
			isa = PBXTargetDependency;
			target = B6490FB61F09D4810081E9EC /* Detergo(Dev App) */;
			targetProxy = B6490FD71F09D4810081E9EC /* PBXContainerItemProxy */;
		};
/* End PBXTargetDependency section */

/* Begin PBXVariantGroup section */
		B6490FBE1F09D4810081E9EC /* Main.storyboard */ = {
			isa = PBXVariantGroup;
			children = (
				B6490FBF1F09D4810081E9EC /* Base */,
			);
			name = Main.storyboard;
			sourceTree = "<group>";
		};
		B6490FC31F09D4810081E9EC /* LaunchScreen.storyboard */ = {
			isa = PBXVariantGroup;
			children = (
				B6490FC41F09D4810081E9EC /* Base */,
			);
			name = LaunchScreen.storyboard;
			sourceTree = "<group>";
		};
/* End PBXVariantGroup section */

/* Begin XCBuildConfiguration section */
		B6490FDD1F09D4810081E9EC /* Debug */ = {
			isa = XCBuildConfiguration;
			buildSettings = {
				ALWAYS_SEARCH_USER_PATHS = NO;
				CLANG_ANALYZER_NONNULL = YES;
				CLANG_CXX_LANGUAGE_STANDARD = "gnu++0x";
				CLANG_CXX_LIBRARY = "libc++";
				CLANG_ENABLE_MODULES = YES;
				CLANG_ENABLE_OBJC_ARC = YES;
				CLANG_WARN_BOOL_CONVERSION = YES;
				CLANG_WARN_CONSTANT_CONVERSION = YES;
				CLANG_WARN_DIRECT_OBJC_ISA_USAGE = YES_ERROR;
				CLANG_WARN_EMPTY_BODY = YES;
				CLANG_WARN_ENUM_CONVERSION = YES;
				CLANG_WARN_INT_CONVERSION = YES;
				CLANG_WARN_OBJC_ROOT_CLASS = YES_ERROR;
				CLANG_WARN_UNREACHABLE_CODE = YES;
				CLANG_WARN__DUPLICATE_METHOD_MATCH = YES;
				"CODE_SIGN_IDENTITY[sdk=iphoneos*]" = "iPhone Developer";
				COPY_PHASE_STRIP = NO;
				DEBUG_INFORMATION_FORMAT = dwarf;
				ENABLE_STRICT_OBJC_MSGSEND = YES;
				ENABLE_TESTABILITY = YES;
				GCC_C_LANGUAGE_STANDARD = gnu99;
				GCC_DYNAMIC_NO_PIC = NO;
				GCC_NO_COMMON_BLOCKS = YES;
				GCC_OPTIMIZATION_LEVEL = 0;
				GCC_PREPROCESSOR_DEFINITIONS = (
					"DEBUG=1",
					"$(inherited)",
				);
				GCC_WARN_64_TO_32_BIT_CONVERSION = YES;
				GCC_WARN_ABOUT_RETURN_TYPE = YES_ERROR;
				GCC_WARN_UNDECLARED_SELECTOR = YES;
				GCC_WARN_UNINITIALIZED_AUTOS = YES_AGGRESSIVE;
				GCC_WARN_UNUSED_FUNCTION = YES;
				GCC_WARN_UNUSED_VARIABLE = YES;
				IPHONEOS_DEPLOYMENT_TARGET = 9.3;
				MTL_ENABLE_DEBUG_INFO = YES;
				ONLY_ACTIVE_ARCH = YES;
				SDKROOT = iphoneos;
				SWIFT_OPTIMIZATION_LEVEL = "-Onone";
				TARGETED_DEVICE_FAMILY = "1,2";
			};
			name = Debug;
		};
		B6490FDE1F09D4810081E9EC /* Release */ = {
			isa = XCBuildConfiguration;
			buildSettings = {
				ALWAYS_SEARCH_USER_PATHS = NO;
				CLANG_ANALYZER_NONNULL = YES;
				CLANG_CXX_LANGUAGE_STANDARD = "gnu++0x";
				CLANG_CXX_LIBRARY = "libc++";
				CLANG_ENABLE_MODULES = YES;
				CLANG_ENABLE_OBJC_ARC = YES;
				CLANG_WARN_BOOL_CONVERSION = YES;
				CLANG_WARN_CONSTANT_CONVERSION = YES;
				CLANG_WARN_DIRECT_OBJC_ISA_USAGE = YES_ERROR;
				CLANG_WARN_EMPTY_BODY = YES;
				CLANG_WARN_ENUM_CONVERSION = YES;
				CLANG_WARN_INT_CONVERSION = YES;
				CLANG_WARN_OBJC_ROOT_CLASS = YES_ERROR;
				CLANG_WARN_UNREACHABLE_CODE = YES;
				CLANG_WARN__DUPLICATE_METHOD_MATCH = YES;
				"CODE_SIGN_IDENTITY[sdk=iphoneos*]" = "iPhone Developer";
				COPY_PHASE_STRIP = NO;
				DEBUG_INFORMATION_FORMAT = "dwarf-with-dsym";
				ENABLE_NS_ASSERTIONS = NO;
				ENABLE_STRICT_OBJC_MSGSEND = YES;
				GCC_C_LANGUAGE_STANDARD = gnu99;
				GCC_NO_COMMON_BLOCKS = YES;
				GCC_WARN_64_TO_32_BIT_CONVERSION = YES;
				GCC_WARN_ABOUT_RETURN_TYPE = YES_ERROR;
				GCC_WARN_UNDECLARED_SELECTOR = YES;
				GCC_WARN_UNINITIALIZED_AUTOS = YES_AGGRESSIVE;
				GCC_WARN_UNUSED_FUNCTION = YES;
				GCC_WARN_UNUSED_VARIABLE = YES;
				IPHONEOS_DEPLOYMENT_TARGET = 9.3;
				MTL_ENABLE_DEBUG_INFO = NO;
				SDKROOT = iphoneos;
				TARGETED_DEVICE_FAMILY = "1,2";
				VALIDATE_PRODUCT = YES;
			};
			name = Release;
		};
		B6490FE01F09D4810081E9EC /* Debug */ = {
			isa = XCBuildConfiguration;
			buildSettings = {
				ASSETCATALOG_COMPILER_APPICON_NAME = AppIcon;
				CODE_SIGN_IDENTITY = "iPhone Developer";
				"CODE_SIGN_IDENTITY[sdk=*]" = "iPhone Developer: gregpdesrosiers@gmail.com (BSVJW2MW77)";
				"CODE_SIGN_IDENTITY[sdk=iphoneos*]" = "iPhone Developer";
				INFOPLIST_FILE = "Detergo(Dev App)/Info.plist";
				IPHONEOS_DEPLOYMENT_TARGET = 9.3;
				LD_RUNPATH_SEARCH_PATHS = "$(inherited) @executable_path/Frameworks";
				PRODUCT_BUNDLE_IDENTIFIER = "gregpdesrosiers.Detergo-Dev-App-";
				PRODUCT_NAME = "$(TARGET_NAME)";
				PROVISIONING_PROFILE = "";
			};
			name = Debug;
		};
		B6490FE11F09D4810081E9EC /* Release */ = {
			isa = XCBuildConfiguration;
			buildSettings = {
				ASSETCATALOG_COMPILER_APPICON_NAME = AppIcon;
				CODE_SIGN_IDENTITY = "iPhone Developer";
				"CODE_SIGN_IDENTITY[sdk=iphoneos*]" = "iPhone Developer";
				INFOPLIST_FILE = "Detergo(Dev App)/Info.plist";
				IPHONEOS_DEPLOYMENT_TARGET = 9.3;
				LD_RUNPATH_SEARCH_PATHS = "$(inherited) @executable_path/Frameworks";
				PRODUCT_BUNDLE_IDENTIFIER = "gregpdesrosiers.Detergo-Dev-App-";
				PRODUCT_NAME = "$(TARGET_NAME)";
				PROVISIONING_PROFILE = "";
			};
			name = Release;
		};
		B6490FE31F09D4810081E9EC /* Debug */ = {
			isa = XCBuildConfiguration;
			buildSettings = {
				BUNDLE_LOADER = "$(TEST_HOST)";
				INFOPLIST_FILE = "Detergo(Dev App)Tests/Info.plist";
				LD_RUNPATH_SEARCH_PATHS = "$(inherited) @executable_path/Frameworks @loader_path/Frameworks";
				PRODUCT_BUNDLE_IDENTIFIER = "gregpdesrosiers.Detergo-Dev-App-Tests";
				PRODUCT_NAME = "$(TARGET_NAME)";
				TEST_HOST = "$(BUILT_PRODUCTS_DIR)/Detergo(Dev App).app/Detergo(Dev App)";
			};
			name = Debug;
		};
		B6490FE41F09D4810081E9EC /* Release */ = {
			isa = XCBuildConfiguration;
			buildSettings = {
				BUNDLE_LOADER = "$(TEST_HOST)";
				INFOPLIST_FILE = "Detergo(Dev App)Tests/Info.plist";
				LD_RUNPATH_SEARCH_PATHS = "$(inherited) @executable_path/Frameworks @loader_path/Frameworks";
				PRODUCT_BUNDLE_IDENTIFIER = "gregpdesrosiers.Detergo-Dev-App-Tests";
				PRODUCT_NAME = "$(TARGET_NAME)";
				TEST_HOST = "$(BUILT_PRODUCTS_DIR)/Detergo(Dev App).app/Detergo(Dev App)";
			};
			name = Release;
		};
		B6490FE61F09D4810081E9EC /* Debug */ = {
			isa = XCBuildConfiguration;
			buildSettings = {
				INFOPLIST_FILE = "Detergo(Dev App)UITests/Info.plist";
				LD_RUNPATH_SEARCH_PATHS = "$(inherited) @executable_path/Frameworks @loader_path/Frameworks";
				PRODUCT_BUNDLE_IDENTIFIER = "gregpdesrosiers.Detergo-Dev-App-UITests";
				PRODUCT_NAME = "$(TARGET_NAME)";
				TEST_TARGET_NAME = "Detergo(Dev App)";
			};
			name = Debug;
		};
		B6490FE71F09D4810081E9EC /* Release */ = {
			isa = XCBuildConfiguration;
			buildSettings = {
				INFOPLIST_FILE = "Detergo(Dev App)UITests/Info.plist";
				LD_RUNPATH_SEARCH_PATHS = "$(inherited) @executable_path/Frameworks @loader_path/Frameworks";
				PRODUCT_BUNDLE_IDENTIFIER = "gregpdesrosiers.Detergo-Dev-App-UITests";
				PRODUCT_NAME = "$(TARGET_NAME)";
				TEST_TARGET_NAME = "Detergo(Dev App)";
			};
			name = Release;
		};
/* End XCBuildConfiguration section */

/* Begin XCConfigurationList section */
		B6490FB21F09D4810081E9EC /* Build configuration list for PBXProject "Detergo(Dev App)" */ = {
			isa = XCConfigurationList;
			buildConfigurations = (
				B6490FDD1F09D4810081E9EC /* Debug */,
				B6490FDE1F09D4810081E9EC /* Release */,
			);
			defaultConfigurationIsVisible = 0;
			defaultConfigurationName = Release;
		};
		B6490FDF1F09D4810081E9EC /* Build configuration list for PBXNativeTarget "Detergo(Dev App)" */ = {
			isa = XCConfigurationList;
			buildConfigurations = (
				B6490FE01F09D4810081E9EC /* Debug */,
				B6490FE11F09D4810081E9EC /* Release */,
			);
			defaultConfigurationIsVisible = 0;
			defaultConfigurationName = Release;
		};
		B6490FE21F09D4810081E9EC /* Build configuration list for PBXNativeTarget "Detergo(Dev App)Tests" */ = {
			isa = XCConfigurationList;
			buildConfigurations = (
				B6490FE31F09D4810081E9EC /* Debug */,
				B6490FE41F09D4810081E9EC /* Release */,
			);
			defaultConfigurationIsVisible = 0;
			defaultConfigurationName = Release;
		};
		B6490FE51F09D4810081E9EC /* Build configuration list for PBXNativeTarget "Detergo(Dev App)UITests" */ = {
			isa = XCConfigurationList;
			buildConfigurations = (
				B6490FE61F09D4810081E9EC /* Debug */,
				B6490FE71F09D4810081E9EC /* Release */,
			);
			defaultConfigurationIsVisible = 0;
			defaultConfigurationName = Release;
		};
/* End XCConfigurationList section */
	};
	rootObject = B6490FAF1F09D4810081E9EC /* Project object */;
}
